// !$*UTF8*$!
{
	archiveVersion = 1;
	classes = {
	};
	objectVersion = 56;
	objects = {

/* Begin PBXBuildFile section */
		1616B9E228A7AE6600E93453 /* AnimationsApp.swift in Sources */ = {isa = PBXBuildFile; fileRef = 1616B9E128A7AE6600E93453 /* AnimationsApp.swift */; };
		1616B9E628A7AE6800E93453 /* Assets.xcassets in Resources */ = {isa = PBXBuildFile; fileRef = 1616B9E528A7AE6800E93453 /* Assets.xcassets */; };
		1616B9EA28A7AE6800E93453 /* Preview Assets.xcassets in Resources */ = {isa = PBXBuildFile; fileRef = 1616B9E928A7AE6800E93453 /* Preview Assets.xcassets */; };
		1616B9F128A7AE9200E93453 /* Animation1.swift in Sources */ = {isa = PBXBuildFile; fileRef = 1616B9F028A7AE9100E93453 /* Animation1.swift */; };
		1616B9F328A7BF0000E93453 /* AnimationsList.swift in Sources */ = {isa = PBXBuildFile; fileRef = 1616B9F228A7BF0000E93453 /* AnimationsList.swift */; };
		1616B9F528A7C39300E93453 /* Router.swift in Sources */ = {isa = PBXBuildFile; fileRef = 1616B9F428A7C39300E93453 /* Router.swift */; };
		1616B9F828A7C47200E93453 /* Screen.swift in Sources */ = {isa = PBXBuildFile; fileRef = 1616B9F728A7C47200E93453 /* Screen.swift */; };
		16E4B6FF28A7D73500BA24DD /* Animation2.swift in Sources */ = {isa = PBXBuildFile; fileRef = 16E4B6FE28A7D73500BA24DD /* Animation2.swift */; };
		16E4B70228A7DAB500BA24DD /* ScreenSize.swift in Sources */ = {isa = PBXBuildFile; fileRef = 16E4B70128A7DAB500BA24DD /* ScreenSize.swift */; };
		16E4B70528A7DF1000BA24DD /* Animation3.swift in Sources */ = {isa = PBXBuildFile; fileRef = 16E4B70428A7DF1000BA24DD /* Animation3.swift */; };
		16E4B70728A7E63400BA24DD /* Animation4.swift in Sources */ = {isa = PBXBuildFile; fileRef = 16E4B70628A7E63400BA24DD /* Animation4.swift */; };
		16E4B70B28A80BF300BA24DD /* Animation5.swift in Sources */ = {isa = PBXBuildFile; fileRef = 16E4B70A28A80BF300BA24DD /* Animation5.swift */; };
		ABECD6EF28B0F850008591CB /* Animation6.swift in Sources */ = {isa = PBXBuildFile; fileRef = ABECD6EE28B0F850008591CB /* Animation6.swift */; };
		ABECD6F128B0FE7E008591CB /* Animation7.swift in Sources */ = {isa = PBXBuildFile; fileRef = ABECD6F028B0FE7E008591CB /* Animation7.swift */; };
/* End PBXBuildFile section */

/* Begin PBXFileReference section */
		1616B9DE28A7AE6600E93453 /* Animations.app */ = {isa = PBXFileReference; explicitFileType = wrapper.application; includeInIndex = 0; path = Animations.app; sourceTree = BUILT_PRODUCTS_DIR; };
		1616B9E128A7AE6600E93453 /* AnimationsApp.swift */ = {isa = PBXFileReference; lastKnownFileType = sourcecode.swift; path = AnimationsApp.swift; sourceTree = "<group>"; };
		1616B9E528A7AE6800E93453 /* Assets.xcassets */ = {isa = PBXFileReference; lastKnownFileType = folder.assetcatalog; path = Assets.xcassets; sourceTree = "<group>"; };
		1616B9E728A7AE6800E93453 /* Animations.entitlements */ = {isa = PBXFileReference; lastKnownFileType = text.plist.entitlements; path = Animations.entitlements; sourceTree = "<group>"; };
		1616B9E928A7AE6800E93453 /* Preview Assets.xcassets */ = {isa = PBXFileReference; lastKnownFileType = folder.assetcatalog; path = "Preview Assets.xcassets"; sourceTree = "<group>"; };
		1616B9F028A7AE9100E93453 /* Animation1.swift */ = {isa = PBXFileReference; lastKnownFileType = sourcecode.swift; path = Animation1.swift; sourceTree = "<group>"; };
		1616B9F228A7BF0000E93453 /* AnimationsList.swift */ = {isa = PBXFileReference; lastKnownFileType = sourcecode.swift; path = AnimationsList.swift; sourceTree = "<group>"; };
		1616B9F428A7C39300E93453 /* Router.swift */ = {isa = PBXFileReference; lastKnownFileType = sourcecode.swift; path = Router.swift; sourceTree = "<group>"; };
		1616B9F728A7C47200E93453 /* Screen.swift */ = {isa = PBXFileReference; lastKnownFileType = sourcecode.swift; path = Screen.swift; sourceTree = "<group>"; };
		16E4B6FE28A7D73500BA24DD /* Animation2.swift */ = {isa = PBXFileReference; lastKnownFileType = sourcecode.swift; path = Animation2.swift; sourceTree = "<group>"; };
		16E4B70128A7DAB500BA24DD /* ScreenSize.swift */ = {isa = PBXFileReference; lastKnownFileType = sourcecode.swift; path = ScreenSize.swift; sourceTree = "<group>"; };
		16E4B70428A7DF1000BA24DD /* Animation3.swift */ = {isa = PBXFileReference; lastKnownFileType = sourcecode.swift; path = Animation3.swift; sourceTree = "<group>"; };
		16E4B70628A7E63400BA24DD /* Animation4.swift */ = {isa = PBXFileReference; lastKnownFileType = sourcecode.swift; path = Animation4.swift; sourceTree = "<group>"; };
		16E4B70A28A80BF300BA24DD /* Animation5.swift */ = {isa = PBXFileReference; lastKnownFileType = sourcecode.swift; path = Animation5.swift; sourceTree = "<group>"; };
		ABECD6EE28B0F850008591CB /* Animation6.swift */ = {isa = PBXFileReference; lastKnownFileType = sourcecode.swift; path = Animation6.swift; sourceTree = "<group>"; };
		ABECD6F028B0FE7E008591CB /* Animation7.swift */ = {isa = PBXFileReference; lastKnownFileType = sourcecode.swift; path = Animation7.swift; sourceTree = "<group>"; };
/* End PBXFileReference section */

/* Begin PBXFrameworksBuildPhase section */
		1616B9DB28A7AE6600E93453 /* Frameworks */ = {
			isa = PBXFrameworksBuildPhase;
			buildActionMask = 2147483647;
			files = (
			);
			runOnlyForDeploymentPostprocessing = 0;
		};
/* End PBXFrameworksBuildPhase section */

/* Begin PBXGroup section */
		1616B9D528A7AE6600E93453 = {
			isa = PBXGroup;
			children = (
				1616B9E028A7AE6600E93453 /* Animations */,
				1616B9DF28A7AE6600E93453 /* Products */,
			);
			sourceTree = "<group>";
		};
		1616B9DF28A7AE6600E93453 /* Products */ = {
			isa = PBXGroup;
			children = (
				1616B9DE28A7AE6600E93453 /* Animations.app */,
			);
			name = Products;
			sourceTree = "<group>";
		};
		1616B9E028A7AE6600E93453 /* Animations */ = {
			isa = PBXGroup;
			children = (
				16E4B70328A7DEFC00BA24DD /* Animations */,
				16E4B70028A7DAA200BA24DD /* Helpers */,
				1616B9F628A7C46600E93453 /* Navigation */,
				1616B9E128A7AE6600E93453 /* AnimationsApp.swift */,
				1616B9F228A7BF0000E93453 /* AnimationsList.swift */,
				1616B9E528A7AE6800E93453 /* Assets.xcassets */,
				1616B9E728A7AE6800E93453 /* Animations.entitlements */,
				1616B9E828A7AE6800E93453 /* Preview Content */,
			);
			path = Animations;
			sourceTree = "<group>";
		};
		1616B9E828A7AE6800E93453 /* Preview Content */ = {
			isa = PBXGroup;
			children = (
				1616B9E928A7AE6800E93453 /* Preview Assets.xcassets */,
			);
			path = "Preview Content";
			sourceTree = "<group>";
		};
		1616B9F628A7C46600E93453 /* Navigation */ = {
			isa = PBXGroup;
			children = (
				1616B9F428A7C39300E93453 /* Router.swift */,
				1616B9F728A7C47200E93453 /* Screen.swift */,
			);
			path = Navigation;
			sourceTree = "<group>";
		};
		16E4B70028A7DAA200BA24DD /* Helpers */ = {
			isa = PBXGroup;
			children = (
				16E4B70128A7DAB500BA24DD /* ScreenSize.swift */,
			);
			path = Helpers;
			sourceTree = "<group>";
		};
		16E4B70328A7DEFC00BA24DD /* Animations */ = {
			isa = PBXGroup;
			children = (
				1616B9F028A7AE9100E93453 /* Animation1.swift */,
				16E4B6FE28A7D73500BA24DD /* Animation2.swift */,
				16E4B70428A7DF1000BA24DD /* Animation3.swift */,
				16E4B70628A7E63400BA24DD /* Animation4.swift */,
				16E4B70A28A80BF300BA24DD /* Animation5.swift */,
				ABECD6EE28B0F850008591CB /* Animation6.swift */,
				ABECD6F028B0FE7E008591CB /* Animation7.swift */,
			);
			path = Animations;
			sourceTree = "<group>";
		};
/* End PBXGroup section */

/* Begin PBXNativeTarget section */
		1616B9DD28A7AE6600E93453 /* Animations */ = {
			isa = PBXNativeTarget;
			buildConfigurationList = 1616B9ED28A7AE6800E93453 /* Build configuration list for PBXNativeTarget "Animations" */;
			buildPhases = (
				1616B9DA28A7AE6600E93453 /* Sources */,
				1616B9DB28A7AE6600E93453 /* Frameworks */,
				1616B9DC28A7AE6600E93453 /* Resources */,
			);
			buildRules = (
			);
			dependencies = (
			);
			name = Animations;
			productName = Animations;
			productReference = 1616B9DE28A7AE6600E93453 /* Animations.app */;
			productType = "com.apple.product-type.application";
		};
/* End PBXNativeTarget section */

/* Begin PBXProject section */
		1616B9D628A7AE6600E93453 /* Project object */ = {
			isa = PBXProject;
			attributes = {
				BuildIndependentTargetsInParallel = 1;
				LastSwiftUpdateCheck = 1400;
				LastUpgradeCheck = 1400;
				TargetAttributes = {
					1616B9DD28A7AE6600E93453 = {
						CreatedOnToolsVersion = 14.0;
					};
				};
			};
			buildConfigurationList = 1616B9D928A7AE6600E93453 /* Build configuration list for PBXProject "Animations" */;
			compatibilityVersion = "Xcode 14.0";
			developmentRegion = en;
			hasScannedForEncodings = 0;
			knownRegions = (
				en,
				Base,
			);
			mainGroup = 1616B9D528A7AE6600E93453;
			productRefGroup = 1616B9DF28A7AE6600E93453 /* Products */;
			projectDirPath = "";
			projectRoot = "";
			targets = (
				1616B9DD28A7AE6600E93453 /* Animations */,
			);
		};
/* End PBXProject section */

/* Begin PBXResourcesBuildPhase section */
		1616B9DC28A7AE6600E93453 /* Resources */ = {
			isa = PBXResourcesBuildPhase;
			buildActionMask = 2147483647;
			files = (
				1616B9EA28A7AE6800E93453 /* Preview Assets.xcassets in Resources */,
				1616B9E628A7AE6800E93453 /* Assets.xcassets in Resources */,
			);
			runOnlyForDeploymentPostprocessing = 0;
		};
/* End PBXResourcesBuildPhase section */

/* Begin PBXSourcesBuildPhase section */
		1616B9DA28A7AE6600E93453 /* Sources */ = {
			isa = PBXSourcesBuildPhase;
			buildActionMask = 2147483647;
			files = (
				1616B9F828A7C47200E93453 /* Screen.swift in Sources */,
				1616B9F128A7AE9200E93453 /* Animation1.swift in Sources */,
				1616B9E228A7AE6600E93453 /* AnimationsApp.swift in Sources */,
				16E4B70728A7E63400BA24DD /* Animation4.swift in Sources */,
				16E4B6FF28A7D73500BA24DD /* Animation2.swift in Sources */,
				16E4B70B28A80BF300BA24DD /* Animation5.swift in Sources */,
				ABECD6F128B0FE7E008591CB /* Animation7.swift in Sources */,
				ABECD6EF28B0F850008591CB /* Animation6.swift in Sources */,
				16E4B70228A7DAB500BA24DD /* ScreenSize.swift in Sources */,
				1616B9F528A7C39300E93453 /* Router.swift in Sources */,
				16E4B70528A7DF1000BA24DD /* Animation3.swift in Sources */,
				1616B9F328A7BF0000E93453 /* AnimationsList.swift in Sources */,
			);
			runOnlyForDeploymentPostprocessing = 0;
		};
/* End PBXSourcesBuildPhase section */

/* Begin XCBuildConfiguration section */
		1616B9EB28A7AE6800E93453 /* Debug */ = {
			isa = XCBuildConfiguration;
			buildSettings = {
				ALWAYS_SEARCH_USER_PATHS = NO;
				CLANG_ANALYZER_NONNULL = YES;
				CLANG_ANALYZER_NUMBER_OBJECT_CONVERSION = YES_AGGRESSIVE;
				CLANG_CXX_LANGUAGE_STANDARD = "gnu++20";
				CLANG_ENABLE_MODULES = YES;
				CLANG_ENABLE_OBJC_ARC = YES;
				CLANG_ENABLE_OBJC_WEAK = YES;
				CLANG_WARN_BLOCK_CAPTURE_AUTORELEASING = YES;
				CLANG_WARN_BOOL_CONVERSION = YES;
				CLANG_WARN_COMMA = YES;
				CLANG_WARN_CONSTANT_CONVERSION = YES;
				CLANG_WARN_DEPRECATED_OBJC_IMPLEMENTATIONS = YES;
				CLANG_WARN_DIRECT_OBJC_ISA_USAGE = YES_ERROR;
				CLANG_WARN_DOCUMENTATION_COMMENTS = YES;
				CLANG_WARN_EMPTY_BODY = YES;
				CLANG_WARN_ENUM_CONVERSION = YES;
				CLANG_WARN_INFINITE_RECURSION = YES;
				CLANG_WARN_INT_CONVERSION = YES;
				CLANG_WARN_NON_LITERAL_NULL_CONVERSION = YES;
				CLANG_WARN_OBJC_IMPLICIT_RETAIN_SELF = YES;
				CLANG_WARN_OBJC_LITERAL_CONVERSION = YES;
				CLANG_WARN_OBJC_ROOT_CLASS = YES_ERROR;
				CLANG_WARN_QUOTED_INCLUDE_IN_FRAMEWORK_HEADER = YES;
				CLANG_WARN_RANGE_LOOP_ANALYSIS = YES;
				CLANG_WARN_STRICT_PROTOTYPES = YES;
				CLANG_WARN_SUSPICIOUS_MOVE = YES;
				CLANG_WARN_UNGUARDED_AVAILABILITY = YES_AGGRESSIVE;
				CLANG_WARN_UNREACHABLE_CODE = YES;
				CLANG_WARN__DUPLICATE_METHOD_MATCH = YES;
				COPY_PHASE_STRIP = NO;
				DEBUG_INFORMATION_FORMAT = dwarf;
				ENABLE_STRICT_OBJC_MSGSEND = YES;
				ENABLE_TESTABILITY = YES;
				GCC_C_LANGUAGE_STANDARD = gnu11;
				GCC_DYNAMIC_NO_PIC = NO;
				GCC_NO_COMMON_BLOCKS = YES;
				GCC_OPTIMIZATION_LEVEL = 0;
				GCC_PREPROCESSOR_DEFINITIONS = (
					"DEBUG=1",
					"$(inherited)",
				);
				GCC_WARN_64_TO_32_BIT_CONVERSION = YES;
				GCC_WARN_ABOUT_RETURN_TYPE = YES_ERROR;
				GCC_WARN_UNDECLARED_SELECTOR = YES;
				GCC_WARN_UNINITIALIZED_AUTOS = YES_AGGRESSIVE;
				GCC_WARN_UNUSED_FUNCTION = YES;
				GCC_WARN_UNUSED_VARIABLE = YES;
				MTL_ENABLE_DEBUG_INFO = INCLUDE_SOURCE;
				MTL_FAST_MATH = YES;
				ONLY_ACTIVE_ARCH = YES;
				SWIFT_ACTIVE_COMPILATION_CONDITIONS = DEBUG;
				SWIFT_OPTIMIZATION_LEVEL = "-Onone";
			};
			name = Debug;
		};
		1616B9EC28A7AE6800E93453 /* Release */ = {
			isa = XCBuildConfiguration;
			buildSettings = {
				ALWAYS_SEARCH_USER_PATHS = NO;
				CLANG_ANALYZER_NONNULL = YES;
				CLANG_ANALYZER_NUMBER_OBJECT_CONVERSION = YES_AGGRESSIVE;
				CLANG_CXX_LANGUAGE_STANDARD = "gnu++20";
				CLANG_ENABLE_MODULES = YES;
				CLANG_ENABLE_OBJC_ARC = YES;
				CLANG_ENABLE_OBJC_WEAK = YES;
				CLANG_WARN_BLOCK_CAPTURE_AUTORELEASING = YES;
				CLANG_WARN_BOOL_CONVERSION = YES;
				CLANG_WARN_COMMA = YES;
				CLANG_WARN_CONSTANT_CONVERSION = YES;
				CLANG_WARN_DEPRECATED_OBJC_IMPLEMENTATIONS = YES;
				CLANG_WARN_DIRECT_OBJC_ISA_USAGE = YES_ERROR;
				CLANG_WARN_DOCUMENTATION_COMMENTS = YES;
				CLANG_WARN_EMPTY_BODY = YES;
				CLANG_WARN_ENUM_CONVERSION = YES;
				CLANG_WARN_INFINITE_RECURSION = YES;
				CLANG_WARN_INT_CONVERSION = YES;
				CLANG_WARN_NON_LITERAL_NULL_CONVERSION = YES;
				CLANG_WARN_OBJC_IMPLICIT_RETAIN_SELF = YES;
				CLANG_WARN_OBJC_LITERAL_CONVERSION = YES;
				CLANG_WARN_OBJC_ROOT_CLASS = YES_ERROR;
				CLANG_WARN_QUOTED_INCLUDE_IN_FRAMEWORK_HEADER = YES;
				CLANG_WARN_RANGE_LOOP_ANALYSIS = YES;
				CLANG_WARN_STRICT_PROTOTYPES = YES;
				CLANG_WARN_SUSPICIOUS_MOVE = YES;
				CLANG_WARN_UNGUARDED_AVAILABILITY = YES_AGGRESSIVE;
				CLANG_WARN_UNREACHABLE_CODE = YES;
				CLANG_WARN__DUPLICATE_METHOD_MATCH = YES;
				COPY_PHASE_STRIP = NO;
				DEBUG_INFORMATION_FORMAT = "dwarf-with-dsym";
				ENABLE_NS_ASSERTIONS = NO;
				ENABLE_STRICT_OBJC_MSGSEND = YES;
				GCC_C_LANGUAGE_STANDARD = gnu11;
				GCC_NO_COMMON_BLOCKS = YES;
				GCC_WARN_64_TO_32_BIT_CONVERSION = YES;
				GCC_WARN_ABOUT_RETURN_TYPE = YES_ERROR;
				GCC_WARN_UNDECLARED_SELECTOR = YES;
				GCC_WARN_UNINITIALIZED_AUTOS = YES_AGGRESSIVE;
				GCC_WARN_UNUSED_FUNCTION = YES;
				GCC_WARN_UNUSED_VARIABLE = YES;
				MTL_ENABLE_DEBUG_INFO = NO;
				MTL_FAST_MATH = YES;
				SWIFT_COMPILATION_MODE = wholemodule;
				SWIFT_OPTIMIZATION_LEVEL = "-O";
			};
			name = Release;
		};
		1616B9EE28A7AE6800E93453 /* Debug */ = {
			isa = XCBuildConfiguration;
			buildSettings = {
				ASSETCATALOG_COMPILER_APPICON_NAME = AppIcon;
				ASSETCATALOG_COMPILER_GLOBAL_ACCENT_COLOR_NAME = AccentColor;
				CODE_SIGN_ENTITLEMENTS = Animations/Animations.entitlements;
				CODE_SIGN_STYLE = Automatic;
				CURRENT_PROJECT_VERSION = 1;
				DEVELOPMENT_ASSET_PATHS = "\"Animations/Preview Content\"";
				DEVELOPMENT_TEAM = M9S9DP25NB;
				ENABLE_HARDENED_RUNTIME = YES;
				ENABLE_PREVIEWS = YES;
				GENERATE_INFOPLIST_FILE = YES;
				"INFOPLIST_KEY_UIApplicationSceneManifest_Generation[sdk=iphoneos*]" = YES;
				"INFOPLIST_KEY_UIApplicationSceneManifest_Generation[sdk=iphonesimulator*]" = YES;
				"INFOPLIST_KEY_UIApplicationSupportsIndirectInputEvents[sdk=iphoneos*]" = YES;
				"INFOPLIST_KEY_UIApplicationSupportsIndirectInputEvents[sdk=iphonesimulator*]" = YES;
				"INFOPLIST_KEY_UILaunchScreen_Generation[sdk=iphoneos*]" = YES;
				"INFOPLIST_KEY_UILaunchScreen_Generation[sdk=iphonesimulator*]" = YES;
				"INFOPLIST_KEY_UIStatusBarStyle[sdk=iphoneos*]" = UIStatusBarStyleDefault;
				"INFOPLIST_KEY_UIStatusBarStyle[sdk=iphonesimulator*]" = UIStatusBarStyleDefault;
				INFOPLIST_KEY_UISupportedInterfaceOrientations_iPad = "UIInterfaceOrientationPortrait UIInterfaceOrientationPortraitUpsideDown UIInterfaceOrientationLandscapeLeft UIInterfaceOrientationLandscapeRight";
				INFOPLIST_KEY_UISupportedInterfaceOrientations_iPhone = "UIInterfaceOrientationPortrait UIInterfaceOrientationLandscapeLeft UIInterfaceOrientationLandscapeRight";
				IPHONEOS_DEPLOYMENT_TARGET = 16.0;
				LD_RUNPATH_SEARCH_PATHS = "@executable_path/Frameworks";
				"LD_RUNPATH_SEARCH_PATHS[sdk=macosx*]" = "@executable_path/../Frameworks";
				MACOSX_DEPLOYMENT_TARGET = 12.5;
				MARKETING_VERSION = 1.0;
				PRODUCT_BUNDLE_IDENTIFIER = com.artur.sakhno.Animations;
				PRODUCT_NAME = "$(TARGET_NAME)";
				SDKROOT = auto;
				SUPPORTED_PLATFORMS = "iphoneos iphonesimulator macosx";
				SWIFT_EMIT_LOC_STRINGS = YES;
				SWIFT_VERSION = 5.0;
				TARGETED_DEVICE_FAMILY = "1,2";
			};
			name = Debug;
		};
		1616B9EF28A7AE6800E93453 /* Release */ = {
			isa = XCBuildConfiguration;
			buildSettings = {
				ASSETCATALOG_COMPILER_APPICON_NAME = AppIcon;
				ASSETCATALOG_COMPILER_GLOBAL_ACCENT_COLOR_NAME = AccentColor;
				CODE_SIGN_ENTITLEMENTS = Animations/Animations.entitlements;
				CODE_SIGN_STYLE = Automatic;
				CURRENT_PROJECT_VERSION = 1;
				DEVELOPMENT_ASSET_PATHS = "\"Animations/Preview Content\"";
				DEVELOPMENT_TEAM = M9S9DP25NB;
				ENABLE_HARDENED_RUNTIME = YES;
				ENABLE_PREVIEWS = YES;
				GENERATE_INFOPLIST_FILE = YES;
				"INFOPLIST_KEY_UIApplicationSceneManifest_Generation[sdk=iphoneos*]" = YES;
				"INFOPLIST_KEY_UIApplicationSceneManifest_Generation[sdk=iphonesimulator*]" = YES;
				"INFOPLIST_KEY_UIApplicationSupportsIndirectInputEvents[sdk=iphoneos*]" = YES;
				"INFOPLIST_KEY_UIApplicationSupportsIndirectInputEvents[sdk=iphonesimulator*]" = YES;
				"INFOPLIST_KEY_UILaunchScreen_Generation[sdk=iphoneos*]" = YES;
				"INFOPLIST_KEY_UILaunchScreen_Generation[sdk=iphonesimulator*]" = YES;
				"INFOPLIST_KEY_UIStatusBarStyle[sdk=iphoneos*]" = UIStatusBarStyleDefault;
				"INFOPLIST_KEY_UIStatusBarStyle[sdk=iphonesimulator*]" = UIStatusBarStyleDefault;
				INFOPLIST_KEY_UISupportedInterfaceOrientations_iPad = "UIInterfaceOrientationPortrait UIInterfaceOrientationPortraitUpsideDown UIInterfaceOrientationLandscapeLeft UIInterfaceOrientationLandscapeRight";
				INFOPLIST_KEY_UISupportedInterfaceOrientations_iPhone = "UIInterfaceOrientationPortrait UIInterfaceOrientationLandscapeLeft UIInterfaceOrientationLandscapeRight";
				IPHONEOS_DEPLOYMENT_TARGET = 16.0;
				LD_RUNPATH_SEARCH_PATHS = "@executable_path/Frameworks";
				"LD_RUNPATH_SEARCH_PATHS[sdk=macosx*]" = "@executable_path/../Frameworks";
				MACOSX_DEPLOYMENT_TARGET = 12.5;
				MARKETING_VERSION = 1.0;
				PRODUCT_BUNDLE_IDENTIFIER = com.artur.sakhno.Animations;
				PRODUCT_NAME = "$(TARGET_NAME)";
				SDKROOT = auto;
				SUPPORTED_PLATFORMS = "iphoneos iphonesimulator macosx";
				SWIFT_EMIT_LOC_STRINGS = YES;
				SWIFT_VERSION = 5.0;
				TARGETED_DEVICE_FAMILY = "1,2";
			};
			name = Release;
		};
/* End XCBuildConfiguration section */

/* Begin XCConfigurationList section */
		1616B9D928A7AE6600E93453 /* Build configuration list for PBXProject "Animations" */ = {
			isa = XCConfigurationList;
			buildConfigurations = (
				1616B9EB28A7AE6800E93453 /* Debug */,
				1616B9EC28A7AE6800E93453 /* Release */,
			);
			defaultConfigurationIsVisible = 0;
			defaultConfigurationName = Release;
		};
		1616B9ED28A7AE6800E93453 /* Build configuration list for PBXNativeTarget "Animations" */ = {
			isa = XCConfigurationList;
			buildConfigurations = (
				1616B9EE28A7AE6800E93453 /* Debug */,
				1616B9EF28A7AE6800E93453 /* Release */,
			);
			defaultConfigurationIsVisible = 0;
			defaultConfigurationName = Release;
		};
/* End XCConfigurationList section */
	};
	rootObject = 1616B9D628A7AE6600E93453 /* Project object */;
}
